# This file is automatically @generated by Cargo.
# It is not intended for manual editing.
version = 3

[[package]]
name = "audiopus_sys"
version = "0.2.2"
source = "registry+https://github.com/rust-lang/crates.io-index"
checksum = "62314a1546a2064e033665d658e88c620a62904be945f8147e6b16c3db9f8651"
dependencies = [
 "cmake",
 "log",
 "pkg-config",
]

[[package]]
name = "build-audiopus"
version = "0.1.0"
dependencies = [
 "audiopus_sys",
]

[[package]]
name = "cc"
version = "1.0.83"
source = "registry+https://github.com/rust-lang/crates.io-index"
checksum = "f1174fb0b6ec23863f8b971027804a42614e347eafb0a95bf0b12cdae21fc4d0"
dependencies = [
 "libc",
]

[[package]]
name = "cmake"
version = "0.1.50"
source = "registry+https://github.com/rust-lang/crates.io-index"
checksum = "a31c789563b815f77f4250caee12365734369f942439b7defd71e18a48197130"
dependencies = [
 "cc",
]

[[package]]
name = "libc"
version = "0.2.153"
source = "registry+https://github.com/rust-lang/crates.io-index"
checksum = "9c198f91728a82281a64e1f4f9eeb25d82cb32a5de251c6bd1b5154d63a8e7bd"

[[package]]
name = "log"
version = "0.4.20"
source = "registry+https://github.com/rust-lang/crates.io-index"
checksum = "b5e6163cb8c49088c2c36f57875e58ccd8c87c7427f7fbd50ea6710b2f3f2e8f"

[[package]]
name = "pkg-config"
version = "0.3.29"
source = "registry+https://github.com/rust-lang/crates.io-index"
checksum = "2900ede94e305130c13ddd391e0ab7cbaeb783945ae07a279c268cb05109c6cb"
